
Microsoft Visual Studio Solution File, Format Version 11.00
# Visual Studio 2010
Project("{FAE04EC0-301F-11D3-BF4B-00C04F79EFBC}") = "Nanny", "Nanny\Nanny.csproj", "{6CC8B68A-EC4F-48F2-87D6-24E8257D3537}"
EndProject
Global
	GlobalSection(SolutionConfigurationPlatforms) = preSolution
		Debug|iPhoneSimulator = Debug|iPhoneSimulator
		Release|iPhoneSimulator = Release|iPhoneSimulator
		Debug|iPhone = Debug|iPhone
		Release|iPhone = Release|iPhone
		Ad-Hoc|iPhone = Ad-Hoc|iPhone
		AppStore|iPhone = AppStore|iPhone
	EndGlobalSection
	GlobalSection(ProjectConfigurationPlatforms) = postSolution
		{6CC8B68A-EC4F-48F2-87D6-24E8257D3537}.Ad-Hoc|iPhone.ActiveCfg = Ad-Hoc|iPhone
		{6CC8B68A-EC4F-48F2-87D6-24E8257D3537}.Ad-Hoc|iPhone.Build.0 = Ad-Hoc|iPhone
		{6CC8B68A-EC4F-48F2-87D6-24E8257D3537}.AppStore|iPhone.ActiveCfg = AppStore|iPhone
		{6CC8B68A-EC4F-48F2-87D6-24E8257D3537}.AppStore|iPhone.Build.0 = AppStore|iPhone
		{6CC8B68A-EC4F-48F2-87D6-24E8257D3537}.Debug|iPhone.ActiveCfg = Debug|iPhone
		{6CC8B68A-EC4F-48F2-87D6-24E8257D3537}.Debug|iPhone.Build.0 = Debug|iPhone
		{6CC8B68A-EC4F-48F2-87D6-24E8257D3537}.Debug|iPhoneSimulator.ActiveCfg = Debug|iPhoneSimulator
		{6CC8B68A-EC4F-48F2-87D6-24E8257D3537}.Debug|iPhoneSimulator.Build.0 = Debug|iPhoneSimulator
		{6CC8B68A-EC4F-48F2-87D6-24E8257D3537}.Release|iPhone.ActiveCfg = Release|iPhone
		{6CC8B68A-EC4F-48F2-87D6-24E8257D3537}.Release|iPhone.Build.0 = Release|iPhone
		{6CC8B68A-EC4F-48F2-87D6-24E8257D3537}.Release|iPhoneSimulator.ActiveCfg = Release|iPhoneSimulator
		{6CC8B68A-EC4F-48F2-87D6-24E8257D3537}.Release|iPhoneSimulator.Build.0 = Release|iPhoneSimulator
	EndGlobalSection
	GlobalSection(MonoDevelopProperties) = preSolution
		StartupItem = Nanny\Nanny.csproj
	EndGlobalSection
EndGlobal
